
Microsoft Visual Studio Solution File, Format Version 12.00
# Visual Studio Version 18
VisualStudioVersion = 18.3.11426.168 d18.3
MinimumVisualStudioVersion = 10.0.40219.1
Project("{FAE04EC0-301F-11D3-BF4B-00C04F79EFBC}") = "OrderProducerWPF", "OrderProducerWPF\OrderProducerWPF.csproj", "{824D47F5-B1B7-47B1-BBD1-55D305EB4426}"
EndProject
Project("{FAE04EC0-301F-11D3-BF4B-00C04F79EFBC}") = "OrderConsumerService", "OrderConsumerService\OrderConsumerService.csproj", "{C5CAAB89-E0AF-4FED-BF55-BA62EF844D00}"
EndProject
Project("{FAE04EC0-301F-11D3-BF4B-00C04F79EFBC}") = "Models", "Models\Models.csproj", "{417E5792-17E4-44A6-9494-794486DC7A25}"
EndProject
Global
	GlobalSection(SolutionConfigurationPlatforms) = preSolution
		Debug|Any CPU = Debug|Any CPU
		Release|Any CPU = Release|Any CPU
	EndGlobalSection
	GlobalSection(ProjectConfigurationPlatforms) = postSolution
		{824D47F5-B1B7-47B1-BBD1-55D305EB4426}.Debug|Any CPU.ActiveCfg = Debug|Any CPU
		{824D47F5-B1B7-47B1-BBD1-55D305EB4426}.Debug|Any CPU.Build.0 = Debug|Any CPU
		{824D47F5-B1B7-47B1-BBD1-55D305EB4426}.Release|Any CPU.ActiveCfg = Release|Any CPU
		{824D47F5-B1B7-47B1-BBD1-55D305EB4426}.Release|Any CPU.Build.0 = Release|Any CPU
		{C5CAAB89-E0AF-4FED-BF55-BA62EF844D00}.Debug|Any CPU.ActiveCfg = Debug|Any CPU
		{C5CAAB89-E0AF-4FED-BF55-BA62EF844D00}.Debug|Any CPU.Build.0 = Debug|Any CPU
		{C5CAAB89-E0AF-4FED-BF55-BA62EF844D00}.Release|Any CPU.ActiveCfg = Release|Any CPU
		{C5CAAB89-E0AF-4FED-BF55-BA62EF844D00}.Release|Any CPU.Build.0 = Release|Any CPU
		{417E5792-17E4-44A6-9494-794486DC7A25}.Debug|Any CPU.ActiveCfg = Debug|Any CPU
		{417E5792-17E4-44A6-9494-794486DC7A25}.Debug|Any CPU.Build.0 = Debug|Any CPU
		{417E5792-17E4-44A6-9494-794486DC7A25}.Release|Any CPU.ActiveCfg = Release|Any CPU
		{417E5792-17E4-44A6-9494-794486DC7A25}.Release|Any CPU.Build.0 = Release|Any CPU
	EndGlobalSection
	GlobalSection(SolutionProperties) = preSolution
		HideSolutionNode = FALSE
	EndGlobalSection
	GlobalSection(ExtensibilityGlobals) = postSolution
		SolutionGuid = {28D2F2C5-2BC9-4BA8-9F98-8B5BE7D9A5B5}
	EndGlobalSection
EndGlobal
